{
  "name": "@qsdt/template-engine",
  "version": "2.0.7",
  "lockfileVersion": 1,
  "requires": true,
  "dependencies": {
    "@qsdt/common": {
      "version": "1.0.5",
      "resolved": "https://registry.npmjs.org/@qsdt/common/-/common-1.0.5.tgz",
      "integrity": "sha512-dqxKFp8P9pHKWRnm2cuC+Ezqbyl1e3brEj+eLRSQ6GWH9nuoc99RxUimV3Fp79gm8s8w5dPXdQlsjaj70UZyHw==",
      "requires": {
        "@types/reflect-metadata": "0.0.5",
        "reflect-metadata": "0.1.10"
      }
    },
    "@types/node": {
      "version": "7.0.39",
      "resolved": "https://registry.npmjs.org/@types/node/-/node-7.0.39.tgz",
      "integrity": "sha512-KQHAZeVsk4UIT9XaR6cn4WpHZzimK6UBD1UomQKfQQFmTlUHaNBzeuov+TM4+kigLO0IJt4I5OOsshcCyA9gSA==",
      "dev": true
    },
    "@types/reflect-metadata": {
      "version": "0.0.5",
      "resolved": "https://registry.npmjs.org/@types/reflect-metadata/-/reflect-metadata-0.0.5.tgz",
      "integrity": "sha1-nAQr+pgD1Xeq1PV9+8pLfK5Chv4="
    },
    "hashcode": {
      "version": "1.0.3",
      "resolved": "https://registry.npmjs.org/hashcode/-/hashcode-1.0.3.tgz",
      "integrity": "sha1-2EdOnmdlgEjMx+VIQLVmIgL0g38="
    },
    "ip": {
      "version": "1.1.5",
      "resolved": "https://registry.npmjs.org/ip/-/ip-1.1.5.tgz",
      "integrity": "sha1-vd7XARQpCCjAoDnnLvJfWq7ENUo="
    },
    "reflect-metadata": {
      "version": "0.1.10",
      "resolved": "https://registry.npmjs.org/reflect-metadata/-/reflect-metadata-0.1.10.tgz",
      "integrity": "sha1-tPg3BEFqytiZiMmxVjXUfgO5NEo="
    }
  }
}
